// !$*UTF8*$!
{
	archiveVersion = 1;
	classes = {
	};
	objectVersion = 48;
	objects = {

/* Begin PBXBuildFile section */
		F33BA3A6205140900051E02B /* AppDelegate.m in Sources */ = {isa = PBXBuildFile; fileRef = F33BA3A5205140900051E02B /* AppDelegate.m */; };
		F33BA3A9205140900051E02B /* ViewController.m in Sources */ = {isa = PBXBuildFile; fileRef = F33BA3A8205140900051E02B /* ViewController.m */; };
		F33BA3AC205140900051E02B /* Main.storyboard in Resources */ = {isa = PBXBuildFile; fileRef = F33BA3AA205140900051E02B /* Main.storyboard */; };
		F33BA3AE205140900051E02B /* Assets.xcassets in Resources */ = {isa = PBXBuildFile; fileRef = F33BA3AD205140900051E02B /* Assets.xcassets */; };
		F33BA3B1205140900051E02B /* LaunchScreen.storyboard in Resources */ = {isa = PBXBuildFile; fileRef = F33BA3AF205140900051E02B /* LaunchScreen.storyboard */; };
		F33BA3B4205140900051E02B /* main.m in Sources */ = {isa = PBXBuildFile; fileRef = F33BA3B3205140900051E02B /* main.m */; };
/* End PBXBuildFile section */

/* Begin PBXFileReference section */
		F33BA3A1205140900051E02B /* 点击title按钮界面侧滑封装.app */ = {isa = PBXFileReference; explicitFileType = wrapper.application; includeInIndex = 0; path = "点击title按钮界面侧滑封装.app"; sourceTree = BUILT_PRODUCTS_DIR; };
		F33BA3A4205140900051E02B /* AppDelegate.h */ = {isa = PBXFileReference; lastKnownFileType = sourcecode.c.h; path = AppDelegate.h; sourceTree = "<group>"; };
		F33BA3A5205140900051E02B /* AppDelegate.m */ = {isa = PBXFileReference; lastKnownFileType = sourcecode.c.objc; path = AppDelegate.m; sourceTree = "<group>"; };
		F33BA3A7205140900051E02B /* ViewController.h */ = {isa = PBXFileReference; lastKnownFileType = sourcecode.c.h; path = ViewController.h; sourceTree = "<group>"; };
		F33BA3A8205140900051E02B /* ViewController.m */ = {isa = PBXFileReference; lastKnownFileType = sourcecode.c.objc; path = ViewController.m; sourceTree = "<group>"; };
		F33BA3AB205140900051E02B /* Base */ = {isa = PBXFileReference; lastKnownFileType = file.storyboard; name = Base; path = Base.lproj/Main.storyboard; sourceTree = "<group>"; };
		F33BA3AD205140900051E02B /* Assets.xcassets */ = {isa = PBXFileReference; lastKnownFileType = folder.assetcatalog; path = Assets.xcassets; sourceTree = "<group>"; };
		F33BA3B0205140900051E02B /* Base */ = {isa = PBXFileReference; lastKnownFileType = file.storyboard; name = Base; path = Base.lproj/LaunchScreen.storyboard; sourceTree = "<group>"; };
		F33BA3B2205140900051E02B /* Info.plist */ = {isa = PBXFileReference; lastKnownFileType = text.plist.xml; path = Info.plist; sourceTree = "<group>"; };
		F33BA3B3205140900051E02B /* main.m */ = {isa = PBXFileReference; lastKnownFileType = sourcecode.c.objc; path = main.m; sourceTree = "<group>"; };
/* End PBXFileReference section */

/* Begin PBXFrameworksBuildPhase section */
		F33BA39E205140900051E02B /* Frameworks */ = {
			isa = PBXFrameworksBuildPhase;
			buildActionMask = 2147483647;
			files = (
			);
			runOnlyForDeploymentPostprocessing = 0;
		};
/* End PBXFrameworksBuildPhase section */

/* Begin PBXGroup section */
		F33BA398205140900051E02B = {
			isa = PBXGroup;
			children = (
				F33BA3A3205140900051E02B /* 点击title按钮界面侧滑封装 */,
				F33BA3A2205140900051E02B /* Products */,
			);
			sourceTree = "<group>";
		};
		F33BA3A2205140900051E02B /* Products */ = {
			isa = PBXGroup;
			children = (
				F33BA3A1205140900051E02B /* 点击title按钮界面侧滑封装.app */,
			);
			name = Products;
			sourceTree = "<group>";
		};
		F33BA3A3205140900051E02B /* 点击title按钮界面侧滑封装 */ = {
			isa = PBXGroup;
			children = (
				F33BA3A4205140900051E02B /* AppDelegate.h */,
				F33BA3A5205140900051E02B /* AppDelegate.m */,
				F33BA3A7205140900051E02B /* ViewController.h */,
				F33BA3A8205140900051E02B /* ViewController.m */,
				F33BA3AA205140900051E02B /* Main.storyboard */,
				F33BA3AD205140900051E02B /* Assets.xcassets */,
				F33BA3AF205140900051E02B /* LaunchScreen.storyboard */,
				F33BA3B2205140900051E02B /* Info.plist */,
				F33BA3B3205140900051E02B /* main.m */,
			);
			path = "点击title按钮界面侧滑封装";
			sourceTree = "<group>";
		};
/* End PBXGroup section */

/* Begin PBXNativeTarget section */
		F33BA3A0205140900051E02B /* 点击title按钮界面侧滑封装 */ = {
			isa = PBXNativeTarget;
			buildConfigurationList = F33BA3B7205140900051E02B /* Build configuration list for PBXNativeTarget "点击title按钮界面侧滑封装" */;
			buildPhases = (
				F33BA39D205140900051E02B /* Sources */,
				F33BA39E205140900051E02B /* Frameworks */,
				F33BA39F205140900051E02B /* Resources */,
			);
			buildRules = (
			);
			dependencies = (
			);
			name = "点击title按钮界面侧滑封装";
			productName = "点击title按钮界面侧滑封装";
			productReference = F33BA3A1205140900051E02B /* 点击title按钮界面侧滑封装.app */;
			productType = "com.apple.product-type.application";
		};
/* End PBXNativeTarget section */

/* Begin PBXProject section */
		F33BA399205140900051E02B /* Project object */ = {
			isa = PBXProject;
			attributes = {
				LastUpgradeCheck = 0920;
				ORGANIZATIONNAME = "曹轩";
				TargetAttributes = {
					F33BA3A0205140900051E02B = {
						CreatedOnToolsVersion = 9.2;
						ProvisioningStyle = Automatic;
					};
				};
			};
			buildConfigurationList = F33BA39C205140900051E02B /* Build configuration list for PBXProject "点击title按钮界面侧滑封装" */;
			compatibilityVersion = "Xcode 8.0";
			developmentRegion = en;
			hasScannedForEncodings = 0;
			knownRegions = (
				en,
				Base,
			);
			mainGroup = F33BA398205140900051E02B;
			productRefGroup = F33BA3A2205140900051E02B /* Products */;
			projectDirPath = "";
			projectRoot = "";
			targets = (
				F33BA3A0205140900051E02B /* 点击title按钮界面侧滑封装 */,
			);
		};
/* End PBXProject section */

/* Begin PBXResourcesBuildPhase section */
		F33BA39F205140900051E02B /* Resources */ = {
			isa = PBXResourcesBuildPhase;
			buildActionMask = 2147483647;
			files = (
				F33BA3B1205140900051E02B /* LaunchScreen.storyboard in Resources */,
				F33BA3AE205140900051E02B /* Assets.xcassets in Resources */,
				F33BA3AC205140900051E02B /* Main.storyboard in Resources */,
			);
			runOnlyForDeploymentPostprocessing = 0;
		};
/* End PBXResourcesBuildPhase section */

/* Begin PBXSourcesBuildPhase section */
		F33BA39D205140900051E02B /* Sources */ = {
			isa = PBXSourcesBuildPhase;
			buildActionMask = 2147483647;
			files = (
				F33BA3A9205140900051E02B /* ViewController.m in Sources */,
				F33BA3B4205140900051E02B /* main.m in Sources */,
				F33BA3A6205140900051E02B /* AppDelegate.m in Sources */,
			);
			runOnlyForDeploymentPostprocessing = 0;
		};
/* End PBXSourcesBuildPhase section */

/* Begin PBXVariantGroup section */
		F33BA3AA205140900051E02B /* Main.storyboard */ = {
			isa = PBXVariantGroup;
			children = (
				F33BA3AB205140900051E02B /* Base */,
			);
			name = Main.storyboard;
			sourceTree = "<group>";
		};
		F33BA3AF205140900051E02B /* LaunchScreen.storyboard */ = {
			isa = PBXVariantGroup;
			children = (
				F33BA3B0205140900051E02B /* Base */,
			);
			name = LaunchScreen.storyboard;
			sourceTree = "<group>";
		};
/* End PBXVariantGroup section */

/* Begin XCBuildConfiguration section */
		F33BA3B5205140900051E02B /* Debug */ = {
			isa = XCBuildConfiguration;
			buildSettings = {
				ALWAYS_SEARCH_USER_PATHS = NO;
				CLANG_ANALYZER_NONNULL = YES;
				CLANG_ANALYZER_NUMBER_OBJECT_CONVERSION = YES_AGGRESSIVE;
				CLANG_CXX_LANGUAGE_STANDARD = "gnu++14";
				CLANG_CXX_LIBRARY = "libc++";
				CLANG_ENABLE_MODULES = YES;
				CLANG_ENABLE_OBJC_ARC = YES;
				CLANG_WARN_BLOCK_CAPTURE_AUTORELEASING = YES;
				CLANG_WARN_BOOL_CONVERSION = YES;
				CLANG_WARN_COMMA = YES;
				CLANG_WARN_CONSTANT_CONVERSION = YES;
				CLANG_WARN_DIRECT_OBJC_ISA_USAGE = YES_ERROR;
				CLANG_WARN_DOCUMENTATION_COMMENTS = YES;
				CLANG_WARN_EMPTY_BODY = YES;
				CLANG_WARN_ENUM_CONVERSION = YES;
				CLANG_WARN_INFINITE_RECURSION = YES;
				CLANG_WARN_INT_CONVERSION = YES;
				CLANG_WARN_NON_LITERAL_NULL_CONVERSION = YES;
				CLANG_WARN_OBJC_LITERAL_CONVERSION = YES;
				CLANG_WARN_OBJC_ROOT_CLASS = YES_ERROR;
				CLANG_WARN_RANGE_LOOP_ANALYSIS = YES;
				CLANG_WARN_STRICT_PROTOTYPES = YES;
				CLANG_WARN_SUSPICIOUS_MOVE = YES;
				CLANG_WARN_UNGUARDED_AVAILABILITY = YES_AGGRESSIVE;
				CLANG_WARN_UNREACHABLE_CODE = YES;
				CLANG_WARN__DUPLICATE_METHOD_MATCH = YES;
				CODE_SIGN_IDENTITY = "iPhone Developer";
				COPY_PHASE_STRIP = NO;
				DEBUG_INFORMATION_FORMAT = dwarf;
				ENABLE_STRICT_OBJC_MSGSEND = YES;
				ENABLE_TESTABILITY = YES;
				GCC_C_LANGUAGE_STANDARD = gnu11;
				GCC_DYNAMIC_NO_PIC = NO;
				GCC_NO_COMMON_BLOCKS = YES;
				GCC_OPTIMIZATION_LEVEL = 0;
				GCC_PREPROCESSOR_DEFINITIONS = (
					"DEBUG=1",
					"$(inherited)",
				);
				GCC_WARN_64_TO_32_BIT_CONVERSION = YES;
				GCC_WARN_ABOUT_RETURN_TYPE = YES_ERROR;
				GCC_WARN_UNDECLARED_SELECTOR = YES;
				GCC_WARN_UNINITIALIZED_AUTOS = YES_AGGRESSIVE;
				GCC_WARN_UNUSED_FUNCTION = YES;
				GCC_WARN_UNUSED_VARIABLE = YES;
				IPHONEOS_DEPLOYMENT_TARGET = 11.2;
				MTL_ENABLE_DEBUG_INFO = YES;
				ONLY_ACTIVE_ARCH = YES;
				SDKROOT = iphoneos;
			};
			name = Debug;
		};
		F33BA3B6205140900051E02B /* Release */ = {
			isa = XCBuildConfiguration;
			buildSettings = {
				ALWAYS_SEARCH_USER_PATHS = NO;
				CLANG_ANALYZER_NONNULL = YES;
				CLANG_ANALYZER_NUMBER_OBJECT_CONVERSION = YES_AGGRESSIVE;
				CLANG_CXX_LANGUAGE_STANDARD = "gnu++14";
				CLANG_CXX_LIBRARY = "libc++";
				CLANG_ENABLE_MODULES = YES;
				CLANG_ENABLE_OBJC_ARC = YES;
				CLANG_WARN_BLOCK_CAPTURE_AUTORELEASING = YES;
				CLANG_WARN_BOOL_CONVERSION = YES;
				CLANG_WARN_COMMA = YES;
				CLANG_WARN_CONSTANT_CONVERSION = YES;
				CLANG_WARN_DIRECT_OBJC_ISA_USAGE = YES_ERROR;
				CLANG_WARN_DOCUMENTATION_COMMENTS = YES;
				CLANG_WARN_EMPTY_BODY = YES;
				CLANG_WARN_ENUM_CONVERSION = YES;
				CLANG_WARN_INFINITE_RECURSION = YES;
				CLANG_WARN_INT_CONVERSION = YES;
				CLANG_WARN_NON_LITERAL_NULL_CONVERSION = YES;
				CLANG_WARN_OBJC_LITERAL_CONVERSION = YES;
				CLANG_WARN_OBJC_ROOT_CLASS = YES_ERROR;
				CLANG_WARN_RANGE_LOOP_ANALYSIS = YES;
				CLANG_WARN_STRICT_PROTOTYPES = YES;
				CLANG_WARN_SUSPICIOUS_MOVE = YES;
				CLANG_WARN_UNGUARDED_AVAILABILITY = YES_AGGRESSIVE;
				CLANG_WARN_UNREACHABLE_CODE = YES;
				CLANG_WARN__DUPLICATE_METHOD_MATCH = YES;
				CODE_SIGN_IDENTITY = "iPhone Developer";
				COPY_PHASE_STRIP = NO;
				DEBUG_INFORMATION_FORMAT = "dwarf-with-dsym";
				ENABLE_NS_ASSERTIONS = NO;
				ENABLE_STRICT_OBJC_MSGSEND = YES;
				GCC_C_LANGUAGE_STANDARD = gnu11;
				GCC_NO_COMMON_BLOCKS = YES;
				GCC_WARN_64_TO_32_BIT_CONVERSION = YES;
				GCC_WARN_ABOUT_RETURN_TYPE = YES_ERROR;
				GCC_WARN_UNDECLARED_SELECTOR = YES;
				GCC_WARN_UNINITIALIZED_AUTOS = YES_AGGRESSIVE;
				GCC_WARN_UNUSED_FUNCTION = YES;
				GCC_WARN_UNUSED_VARIABLE = YES;
				IPHONEOS_DEPLOYMENT_TARGET = 11.2;
				MTL_ENABLE_DEBUG_INFO = NO;
				SDKROOT = iphoneos;
				VALIDATE_PRODUCT = YES;
			};
			name = Release;
		};
		F33BA3B8205140900051E02B /* Debug */ = {
			isa = XCBuildConfiguration;
			buildSettings = {
				ASSETCATALOG_COMPILER_APPICON_NAME = AppIcon;
				CODE_SIGN_STYLE = Automatic;
				INFOPLIST_FILE = "点击title按钮界面侧滑封装/Info.plist";
				LD_RUNPATH_SEARCH_PATHS = "$(inherited) @executable_path/Frameworks";
				PRODUCT_BUNDLE_IDENTIFIER = "gangwan.--title--------";
				PRODUCT_NAME = "$(TARGET_NAME)";
				TARGETED_DEVICE_FAMILY = "1,2";
			};
			name = Debug;
		};
		F33BA3B9205140900051E02B /* Release */ = {
			isa = XCBuildConfiguration;
			buildSettings = {
				ASSETCATALOG_COMPILER_APPICON_NAME = AppIcon;
				CODE_SIGN_STYLE = Automatic;
				INFOPLIST_FILE = "点击title按钮界面侧滑封装/Info.plist";
				LD_RUNPATH_SEARCH_PATHS = "$(inherited) @executable_path/Frameworks";
				PRODUCT_BUNDLE_IDENTIFIER = "gangwan.--title--------";
				PRODUCT_NAME = "$(TARGET_NAME)";
				TARGETED_DEVICE_FAMILY = "1,2";
			};
			name = Release;
		};
/* End XCBuildConfiguration section */

/* Begin XCConfigurationList section */
		F33BA39C205140900051E02B /* Build configuration list for PBXProject "点击title按钮界面侧滑封装" */ = {
			isa = XCConfigurationList;
			buildConfigurations = (
				F33BA3B5205140900051E02B /* Debug */,
				F33BA3B6205140900051E02B /* Release */,
			);
			defaultConfigurationIsVisible = 0;
			defaultConfigurationName = Release;
		};
		F33BA3B7205140900051E02B /* Build configuration list for PBXNativeTarget "点击title按钮界面侧滑封装" */ = {
			isa = XCConfigurationList;
			buildConfigurations = (
				F33BA3B8205140900051E02B /* Debug */,
				F33BA3B9205140900051E02B /* Release */,
			);
			defaultConfigurationIsVisible = 0;
			defaultConfigurationName = Release;
		};
/* End XCConfigurationList section */
	};
	rootObject = F33BA399205140900051E02B /* Project object */;
}
